// !$*UTF8*$!
{
	archiveVersion = 1;
	classes = {
	};
	objectVersion = 51;
	objects = {

/* Begin PBXBuildFile section */
		45038C7B01BEA29CB509F06F /* Pods_Insta_InstaUITests.framework in Frameworks */ = {isa = PBXBuildFile; fileRef = 40E299D8FB6A9E109DBD451A /* Pods_Insta_InstaUITests.framework */; };
		56712B7725FEF68E00C56176 /* AppDelegate.swift in Sources */ = {isa = PBXBuildFile; fileRef = 56712B7625FEF68E00C56176 /* AppDelegate.swift */; };
		56712B7925FEF68E00C56176 /* SceneDelegate.swift in Sources */ = {isa = PBXBuildFile; fileRef = 56712B7825FEF68E00C56176 /* SceneDelegate.swift */; };
		56712B7B25FEF68E00C56176 /* ViewController.swift in Sources */ = {isa = PBXBuildFile; fileRef = 56712B7A25FEF68E00C56176 /* ViewController.swift */; };
		56712B7E25FEF68E00C56176 /* Main.storyboard in Resources */ = {isa = PBXBuildFile; fileRef = 56712B7C25FEF68E00C56176 /* Main.storyboard */; };
		56712B8025FEF69000C56176 /* Assets.xcassets in Resources */ = {isa = PBXBuildFile; fileRef = 56712B7F25FEF69000C56176 /* Assets.xcassets */; };
		56712B8325FEF69000C56176 /* LaunchScreen.storyboard in Resources */ = {isa = PBXBuildFile; fileRef = 56712B8125FEF69000C56176 /* LaunchScreen.storyboard */; };
		56712B8E25FEF69000C56176 /* InstaTests.swift in Sources */ = {isa = PBXBuildFile; fileRef = 56712B8D25FEF69000C56176 /* InstaTests.swift */; };
		56712B9925FEF69000C56176 /* InstaUITests.swift in Sources */ = {isa = PBXBuildFile; fileRef = 56712B9825FEF69000C56176 /* InstaUITests.swift */; };
		56712BB625FEF83F00C56176 /* LoginViewController.swift in Sources */ = {isa = PBXBuildFile; fileRef = 56712BB525FEF83F00C56176 /* LoginViewController.swift */; };
		56712BBB25FEF84A00C56176 /* FeedViewController.swift in Sources */ = {isa = PBXBuildFile; fileRef = 56712BBA25FEF84A00C56176 /* FeedViewController.swift */; };
		56712BC025FF02EF00C56176 /* CameraViewController.swift in Sources */ = {isa = PBXBuildFile; fileRef = 56712BBF25FF02EF00C56176 /* CameraViewController.swift */; };
		56712BD025FF112A00C56176 /* PostTableViewCell.swift in Sources */ = {isa = PBXBuildFile; fileRef = 56712BCF25FF112A00C56176 /* PostTableViewCell.swift */; };
		66284913C77FB15012330D0E /* Pods_InstaTests.framework in Frameworks */ = {isa = PBXBuildFile; fileRef = 3CE733E83B63E2780DF8D1BC /* Pods_InstaTests.framework */; };
		7ADE88660E7C62BF259DD303 /* Pods_Insta.framework in Frameworks */ = {isa = PBXBuildFile; fileRef = 75F9DE72F031642A18D92FF5 /* Pods_Insta.framework */; };
/* End PBXBuildFile section */

/* Begin PBXContainerItemProxy section */
		56712B8A25FEF69000C56176 /* PBXContainerItemProxy */ = {
			isa = PBXContainerItemProxy;
			containerPortal = 56712B6B25FEF68E00C56176 /* Project object */;
			proxyType = 1;
			remoteGlobalIDString = 56712B7225FEF68E00C56176;
			remoteInfo = Insta;
		};
		56712B9525FEF69000C56176 /* PBXContainerItemProxy */ = {
			isa = PBXContainerItemProxy;
			containerPortal = 56712B6B25FEF68E00C56176 /* Project object */;
			proxyType = 1;
			remoteGlobalIDString = 56712B7225FEF68E00C56176;
			remoteInfo = Insta;
		};
/* End PBXContainerItemProxy section */

/* Begin PBXFileReference section */
		0BEC895B12A63D22C631B586 /* Pods-Insta.release.xcconfig */ = {isa = PBXFileReference; includeInIndex = 1; lastKnownFileType = text.xcconfig; name = "Pods-Insta.release.xcconfig"; path = "Target Support Files/Pods-Insta/Pods-Insta.release.xcconfig"; sourceTree = "<group>"; };
		2EDDBCE1A151322BE3CC3B3D /* Pods-InstaTests.release.xcconfig */ = {isa = PBXFileReference; includeInIndex = 1; lastKnownFileType = text.xcconfig; name = "Pods-InstaTests.release.xcconfig"; path = "Target Support Files/Pods-InstaTests/Pods-InstaTests.release.xcconfig"; sourceTree = "<group>"; };
		3CE733E83B63E2780DF8D1BC /* Pods_InstaTests.framework */ = {isa = PBXFileReference; explicitFileType = wrapper.framework; includeInIndex = 0; path = Pods_InstaTests.framework; sourceTree = BUILT_PRODUCTS_DIR; };
		40E299D8FB6A9E109DBD451A /* Pods_Insta_InstaUITests.framework */ = {isa = PBXFileReference; explicitFileType = wrapper.framework; includeInIndex = 0; path = Pods_Insta_InstaUITests.framework; sourceTree = BUILT_PRODUCTS_DIR; };
		47D9405316063C49A0B4DD21 /* Pods-InstaTests.debug.xcconfig */ = {isa = PBXFileReference; includeInIndex = 1; lastKnownFileType = text.xcconfig; name = "Pods-InstaTests.debug.xcconfig"; path = "Target Support Files/Pods-InstaTests/Pods-InstaTests.debug.xcconfig"; sourceTree = "<group>"; };
		56712B7325FEF68E00C56176 /* Insta.app */ = {isa = PBXFileReference; explicitFileType = wrapper.application; includeInIndex = 0; path = Insta.app; sourceTree = BUILT_PRODUCTS_DIR; };
		56712B7625FEF68E00C56176 /* AppDelegate.swift */ = {isa = PBXFileReference; lastKnownFileType = sourcecode.swift; path = AppDelegate.swift; sourceTree = "<group>"; };
		56712B7825FEF68E00C56176 /* SceneDelegate.swift */ = {isa = PBXFileReference; lastKnownFileType = sourcecode.swift; path = SceneDelegate.swift; sourceTree = "<group>"; };
		56712B7A25FEF68E00C56176 /* ViewController.swift */ = {isa = PBXFileReference; lastKnownFileType = sourcecode.swift; path = ViewController.swift; sourceTree = "<group>"; };
		56712B7D25FEF68E00C56176 /* Base */ = {isa = PBXFileReference; lastKnownFileType = file.storyboard; name = Base; path = Base.lproj/Main.storyboard; sourceTree = "<group>"; };
		56712B7F25FEF69000C56176 /* Assets.xcassets */ = {isa = PBXFileReference; lastKnownFileType = folder.assetcatalog; path = Assets.xcassets; sourceTree = "<group>"; };
		56712B8225FEF69000C56176 /* Base */ = {isa = PBXFileReference; lastKnownFileType = file.storyboard; name = Base; path = Base.lproj/LaunchScreen.storyboard; sourceTree = "<group>"; };
		56712B8425FEF69000C56176 /* Info.plist */ = {isa = PBXFileReference; lastKnownFileType = text.plist.xml; path = Info.plist; sourceTree = "<group>"; };
		56712B8925FEF69000C56176 /* InstaTests.xctest */ = {isa = PBXFileReference; explicitFileType = wrapper.cfbundle; includeInIndex = 0; path = InstaTests.xctest; sourceTree = BUILT_PRODUCTS_DIR; };
		56712B8D25FEF69000C56176 /* InstaTests.swift */ = {isa = PBXFileReference; lastKnownFileType = sourcecode.swift; path = InstaTests.swift; sourceTree = "<group>"; };
		56712B8F25FEF69000C56176 /* Info.plist */ = {isa = PBXFileReference; lastKnownFileType = text.plist.xml; path = Info.plist; sourceTree = "<group>"; };
		56712B9425FEF69000C56176 /* InstaUITests.xctest */ = {isa = PBXFileReference; explicitFileType = wrapper.cfbundle; includeInIndex = 0; path = InstaUITests.xctest; sourceTree = BUILT_PRODUCTS_DIR; };
		56712B9825FEF69000C56176 /* InstaUITests.swift */ = {isa = PBXFileReference; lastKnownFileType = sourcecode.swift; path = InstaUITests.swift; sourceTree = "<group>"; };
		56712B9A25FEF69000C56176 /* Info.plist */ = {isa = PBXFileReference; lastKnownFileType = text.plist.xml; path = Info.plist; sourceTree = "<group>"; };
		56712BB525FEF83F00C56176 /* LoginViewController.swift */ = {isa = PBXFileReference; lastKnownFileType = sourcecode.swift; path = LoginViewController.swift; sourceTree = "<group>"; };
		56712BBA25FEF84A00C56176 /* FeedViewController.swift */ = {isa = PBXFileReference; lastKnownFileType = sourcecode.swift; path = FeedViewController.swift; sourceTree = "<group>"; };
		56712BBF25FF02EF00C56176 /* CameraViewController.swift */ = {isa = PBXFileReference; lastKnownFileType = sourcecode.swift; path = CameraViewController.swift; sourceTree = "<group>"; };
		56712BCF25FF112A00C56176 /* PostTableViewCell.swift */ = {isa = PBXFileReference; lastKnownFileType = sourcecode.swift; path = PostTableViewCell.swift; sourceTree = "<group>"; };
		75F9DE72F031642A18D92FF5 /* Pods_Insta.framework */ = {isa = PBXFileReference; explicitFileType = wrapper.framework; includeInIndex = 0; path = Pods_Insta.framework; sourceTree = BUILT_PRODUCTS_DIR; };
		A6F5784DD4765A3A408AA12F /* Pods-Insta.debug.xcconfig */ = {isa = PBXFileReference; includeInIndex = 1; lastKnownFileType = text.xcconfig; name = "Pods-Insta.debug.xcconfig"; path = "Target Support Files/Pods-Insta/Pods-Insta.debug.xcconfig"; sourceTree = "<group>"; };
		AE47C173579035D13919DA13 /* Pods-Insta-InstaUITests.debug.xcconfig */ = {isa = PBXFileReference; includeInIndex = 1; lastKnownFileType = text.xcconfig; name = "Pods-Insta-InstaUITests.debug.xcconfig"; path = "Target Support Files/Pods-Insta-InstaUITests/Pods-Insta-InstaUITests.debug.xcconfig"; sourceTree = "<group>"; };
		C13B0B15D41100D50140128C /* Pods-Insta-InstaUITests.release.xcconfig */ = {isa = PBXFileReference; includeInIndex = 1; lastKnownFileType = text.xcconfig; name = "Pods-Insta-InstaUITests.release.xcconfig"; path = "Target Support Files/Pods-Insta-InstaUITests/Pods-Insta-InstaUITests.release.xcconfig"; sourceTree = "<group>"; };
/* End PBXFileReference section */

/* Begin PBXFrameworksBuildPhase section */
		56712B7025FEF68E00C56176 /* Frameworks */ = {
			isa = PBXFrameworksBuildPhase;
			buildActionMask = 2147483647;
			files = (
				7ADE88660E7C62BF259DD303 /* Pods_Insta.framework in Frameworks */,
			);
			runOnlyForDeploymentPostprocessing = 0;
		};
		56712B8625FEF69000C56176 /* Frameworks */ = {
			isa = PBXFrameworksBuildPhase;
			buildActionMask = 2147483647;
			files = (
				66284913C77FB15012330D0E /* Pods_InstaTests.framework in Frameworks */,
			);
			runOnlyForDeploymentPostprocessing = 0;
		};
		56712B9125FEF69000C56176 /* Frameworks */ = {
			isa = PBXFrameworksBuildPhase;
			buildActionMask = 2147483647;
			files = (
				45038C7B01BEA29CB509F06F /* Pods_Insta_InstaUITests.framework in Frameworks */,
			);
			runOnlyForDeploymentPostprocessing = 0;
		};
/* End PBXFrameworksBuildPhase section */

/* Begin PBXGroup section */
		039036F8700B8F3CE0944EFB /* Frameworks */ = {
			isa = PBXGroup;
			children = (
				75F9DE72F031642A18D92FF5 /* Pods_Insta.framework */,
				40E299D8FB6A9E109DBD451A /* Pods_Insta_InstaUITests.framework */,
				3CE733E83B63E2780DF8D1BC /* Pods_InstaTests.framework */,
			);
			name = Frameworks;
			sourceTree = "<group>";
		};
		56712B6A25FEF68E00C56176 = {
			isa = PBXGroup;
			children = (
				56712B7525FEF68E00C56176 /* Insta */,
				56712B8C25FEF69000C56176 /* InstaTests */,
				56712B9725FEF69000C56176 /* InstaUITests */,
				56712B7425FEF68E00C56176 /* Products */,
				F5E7AF361C1AF5C9382AC276 /* Pods */,
				039036F8700B8F3CE0944EFB /* Frameworks */,
			);
			sourceTree = "<group>";
		};
		56712B7425FEF68E00C56176 /* Products */ = {
			isa = PBXGroup;
			children = (
				56712B7325FEF68E00C56176 /* Insta.app */,
				56712B8925FEF69000C56176 /* InstaTests.xctest */,
				56712B9425FEF69000C56176 /* InstaUITests.xctest */,
			);
			name = Products;
			sourceTree = "<group>";
		};
		56712B7525FEF68E00C56176 /* Insta */ = {
			isa = PBXGroup;
			children = (
				56712B7625FEF68E00C56176 /* AppDelegate.swift */,
				56712B7825FEF68E00C56176 /* SceneDelegate.swift */,
				56712B7A25FEF68E00C56176 /* ViewController.swift */,
				56712B7C25FEF68E00C56176 /* Main.storyboard */,
				56712BB525FEF83F00C56176 /* LoginViewController.swift */,
				56712BBF25FF02EF00C56176 /* CameraViewController.swift */,
				56712BCF25FF112A00C56176 /* PostTableViewCell.swift */,
				56712BBA25FEF84A00C56176 /* FeedViewController.swift */,
				56712B7F25FEF69000C56176 /* Assets.xcassets */,
				56712B8125FEF69000C56176 /* LaunchScreen.storyboard */,
				56712B8425FEF69000C56176 /* Info.plist */,
			);
			path = Insta;
			sourceTree = "<group>";
		};
		56712B8C25FEF69000C56176 /* InstaTests */ = {
			isa = PBXGroup;
			children = (
				56712B8D25FEF69000C56176 /* InstaTests.swift */,
				56712B8F25FEF69000C56176 /* Info.plist */,
			);
			path = InstaTests;
			sourceTree = "<group>";
		};
		56712B9725FEF69000C56176 /* InstaUITests */ = {
			isa = PBXGroup;
			children = (
				56712B9825FEF69000C56176 /* InstaUITests.swift */,
				56712B9A25FEF69000C56176 /* Info.plist */,
			);
			path = InstaUITests;
			sourceTree = "<group>";
		};
		F5E7AF361C1AF5C9382AC276 /* Pods */ = {
			isa = PBXGroup;
			children = (
				A6F5784DD4765A3A408AA12F /* Pods-Insta.debug.xcconfig */,
				0BEC895B12A63D22C631B586 /* Pods-Insta.release.xcconfig */,
				AE47C173579035D13919DA13 /* Pods-Insta-InstaUITests.debug.xcconfig */,
				C13B0B15D41100D50140128C /* Pods-Insta-InstaUITests.release.xcconfig */,
				47D9405316063C49A0B4DD21 /* Pods-InstaTests.debug.xcconfig */,
				2EDDBCE1A151322BE3CC3B3D /* Pods-InstaTests.release.xcconfig */,
			);
			path = Pods;
			sourceTree = "<group>";
		};
/* End PBXGroup section */

/* Begin PBXNativeTarget section */
		56712B7225FEF68E00C56176 /* Insta */ = {
			isa = PBXNativeTarget;
			buildConfigurationList = 56712B9D25FEF69000C56176 /* Build configuration list for PBXNativeTarget "Insta" */;
			buildPhases = (
				AB66E60966962F87714401D9 /* [CP] Check Pods Manifest.lock */,
				56712B6F25FEF68E00C56176 /* Sources */,
				56712B7025FEF68E00C56176 /* Frameworks */,
				56712B7125FEF68E00C56176 /* Resources */,
				D2E5A598B5E3014088F77FB7 /* [CP] Embed Pods Frameworks */,
			);
			buildRules = (
			);
			dependencies = (
			);
			name = Insta;
			productName = Insta;
			productReference = 56712B7325FEF68E00C56176 /* Insta.app */;
			productType = "com.apple.product-type.application";
		};
		56712B8825FEF69000C56176 /* InstaTests */ = {
			isa = PBXNativeTarget;
			buildConfigurationList = 56712BA025FEF69000C56176 /* Build configuration list for PBXNativeTarget "InstaTests" */;
			buildPhases = (
				322032AA676080625DF13B7A /* [CP] Check Pods Manifest.lock */,
				56712B8525FEF69000C56176 /* Sources */,
				56712B8625FEF69000C56176 /* Frameworks */,
				56712B8725FEF69000C56176 /* Resources */,
			);
			buildRules = (
			);
			dependencies = (
				56712B8B25FEF69000C56176 /* PBXTargetDependency */,
			);
			name = InstaTests;
			productName = InstaTests;
			productReference = 56712B8925FEF69000C56176 /* InstaTests.xctest */;
			productType = "com.apple.product-type.bundle.unit-test";
		};
		56712B9325FEF69000C56176 /* InstaUITests */ = {
			isa = PBXNativeTarget;
			buildConfigurationList = 56712BA325FEF69000C56176 /* Build configuration list for PBXNativeTarget "InstaUITests" */;
			buildPhases = (
				5D04B49A96478A48882E79AC /* [CP] Check Pods Manifest.lock */,
				56712B9025FEF69000C56176 /* Sources */,
				56712B9125FEF69000C56176 /* Frameworks */,
				56712B9225FEF69000C56176 /* Resources */,
				053019038769004583F5766E /* [CP] Embed Pods Frameworks */,
			);
			buildRules = (
			);
			dependencies = (
				56712B9625FEF69000C56176 /* PBXTargetDependency */,
			);
			name = InstaUITests;
			productName = InstaUITests;
			productReference = 56712B9425FEF69000C56176 /* InstaUITests.xctest */;
			productType = "com.apple.product-type.bundle.ui-testing";
		};
/* End PBXNativeTarget section */

/* Begin PBXProject section */
		56712B6B25FEF68E00C56176 /* Project object */ = {
			isa = PBXProject;
			attributes = {
				LastSwiftUpdateCheck = 1240;
				LastUpgradeCheck = 1240;
				TargetAttributes = {
					56712B7225FEF68E00C56176 = {
						CreatedOnToolsVersion = 12.4;
					};
					56712B8825FEF69000C56176 = {
						CreatedOnToolsVersion = 12.4;
						TestTargetID = 56712B7225FEF68E00C56176;
					};
					56712B9325FEF69000C56176 = {
						CreatedOnToolsVersion = 12.4;
						TestTargetID = 56712B7225FEF68E00C56176;
					};
				};
			};
			buildConfigurationList = 56712B6E25FEF68E00C56176 /* Build configuration list for PBXProject "Insta" */;
			compatibilityVersion = "Xcode 9.3";
			developmentRegion = en;
			hasScannedForEncodings = 0;
			knownRegions = (
				en,
				Base,
			);
			mainGroup = 56712B6A25FEF68E00C56176;
			productRefGroup = 56712B7425FEF68E00C56176 /* Products */;
			projectDirPath = "";
			projectRoot = "";
			targets = (
				56712B7225FEF68E00C56176 /* Insta */,
				56712B8825FEF69000C56176 /* InstaTests */,
				56712B9325FEF69000C56176 /* InstaUITests */,
			);
		};
/* End PBXProject section */

/* Begin PBXResourcesBuildPhase section */
		56712B7125FEF68E00C56176 /* Resources */ = {
			isa = PBXResourcesBuildPhase;
			buildActionMask = 2147483647;
			files = (
				56712B8325FEF69000C56176 /* LaunchScreen.storyboard in Resources */,
				56712B8025FEF69000C56176 /* Assets.xcassets in Resources */,
				56712B7E25FEF68E00C56176 /* Main.storyboard in Resources */,
			);
			runOnlyForDeploymentPostprocessing = 0;
		};
		56712B8725FEF69000C56176 /* Resources */ = {
			isa = PBXResourcesBuildPhase;
			buildActionMask = 2147483647;
			files = (
			);
			runOnlyForDeploymentPostprocessing = 0;
		};
		56712B9225FEF69000C56176 /* Resources */ = {
			isa = PBXResourcesBuildPhase;
			buildActionMask = 2147483647;
			files = (
			);
			runOnlyForDeploymentPostprocessing = 0;
		};
/* End PBXResourcesBuildPhase section */

/* Begin PBXShellScriptBuildPhase section */
		053019038769004583F5766E /* [CP] Embed Pods Frameworks */ = {
			isa = PBXShellScriptBuildPhase;
			buildActionMask = 2147483647;
			files = (
			);
			inputFileListPaths = (
				"${PODS_ROOT}/Target Support Files/Pods-Insta-InstaUITests/Pods-Insta-InstaUITests-frameworks-${CONFIGURATION}-input-files.xcfilelist",
			);
			name = "[CP] Embed Pods Frameworks";
			outputFileListPaths = (
				"${PODS_ROOT}/Target Support Files/Pods-Insta-InstaUITests/Pods-Insta-InstaUITests-frameworks-${CONFIGURATION}-output-files.xcfilelist",
			);
			runOnlyForDeploymentPostprocessing = 0;
			shellPath = /bin/sh;
			shellScript = "\"${PODS_ROOT}/Target Support Files/Pods-Insta-InstaUITests/Pods-Insta-InstaUITests-frameworks.sh\"\n";
			showEnvVarsInLog = 0;
		};
		322032AA676080625DF13B7A /* [CP] Check Pods Manifest.lock */ = {
			isa = PBXShellScriptBuildPhase;
			buildActionMask = 2147483647;
			files = (
			);
			inputFileListPaths = (
			);
			inputPaths = (
				"${PODS_PODFILE_DIR_PATH}/Podfile.lock",
				"${PODS_ROOT}/Manifest.lock",
			);
			name = "[CP] Check Pods Manifest.lock";
			outputFileListPaths = (
			);
			outputPaths = (
				"$(DERIVED_FILE_DIR)/Pods-InstaTests-checkManifestLockResult.txt",
			);
			runOnlyForDeploymentPostprocessing = 0;
			shellPath = /bin/sh;
			shellScript = "diff \"${PODS_PODFILE_DIR_PATH}/Podfile.lock\" \"${PODS_ROOT}/Manifest.lock\" > /dev/null\nif [ $? != 0 ] ; then\n    # print error to STDERR\n    echo \"error: The sandbox is not in sync with the Podfile.lock. Run 'pod install' or update your CocoaPods installation.\" >&2\n    exit 1\nfi\n# This output is used by Xcode 'outputs' to avoid re-running this script phase.\necho \"SUCCESS\" > \"${SCRIPT_OUTPUT_FILE_0}\"\n";
			showEnvVarsInLog = 0;
		};
		5D04B49A96478A48882E79AC /* [CP] Check Pods Manifest.lock */ = {
			isa = PBXShellScriptBuildPhase;
			buildActionMask = 2147483647;
			files = (
			);
			inputFileListPaths = (
			);
			inputPaths = (
				"${PODS_PODFILE_DIR_PATH}/Podfile.lock",
				"${PODS_ROOT}/Manifest.lock",
			);
			name = "[CP] Check Pods Manifest.lock";
			outputFileListPaths = (
			);
			outputPaths = (
				"$(DERIVED_FILE_DIR)/Pods-Insta-InstaUITests-checkManifestLockResult.txt",
			);
			runOnlyForDeploymentPostprocessing = 0;
			shellPath = /bin/sh;
			shellScript = "diff \"${PODS_PODFILE_DIR_PATH}/Podfile.lock\" \"${PODS_ROOT}/Manifest.lock\" > /dev/null\nif [ $? != 0 ] ; then\n    # print error to STDERR\n    echo \"error: The sandbox is not in sync with the Podfile.lock. Run 'pod install' or update your CocoaPods installation.\" >&2\n    exit 1\nfi\n# This output is used by Xcode 'outputs' to avoid re-running this script phase.\necho \"SUCCESS\" > \"${SCRIPT_OUTPUT_FILE_0}\"\n";
			showEnvVarsInLog = 0;
		};
		AB66E60966962F87714401D9 /* [CP] Check Pods Manifest.lock */ = {
			isa = PBXShellScriptBuildPhase;
			buildActionMask = 2147483647;
			files = (
			);
			inputFileListPaths = (
			);
			inputPaths = (
				"${PODS_PODFILE_DIR_PATH}/Podfile.lock",
				"${PODS_ROOT}/Manifest.lock",
			);
			name = "[CP] Check Pods Manifest.lock";
			outputFileListPaths = (
			);
			outputPaths = (
				"$(DERIVED_FILE_DIR)/Pods-Insta-checkManifestLockResult.txt",
			);
			runOnlyForDeploymentPostprocessing = 0;
			shellPath = /bin/sh;
			shellScript = "diff \"${PODS_PODFILE_DIR_PATH}/Podfile.lock\" \"${PODS_ROOT}/Manifest.lock\" > /dev/null\nif [ $? != 0 ] ; then\n    # print error to STDERR\n    echo \"error: The sandbox is not in sync with the Podfile.lock. Run 'pod install' or update your CocoaPods installation.\" >&2\n    exit 1\nfi\n# This output is used by Xcode 'outputs' to avoid re-running this script phase.\necho \"SUCCESS\" > \"${SCRIPT_OUTPUT_FILE_0}\"\n";
			showEnvVarsInLog = 0;
		};
		D2E5A598B5E3014088F77FB7 /* [CP] Embed Pods Frameworks */ = {
			isa = PBXShellScriptBuildPhase;
			buildActionMask = 2147483647;
			files = (
			);
			inputFileListPaths = (
				"${PODS_ROOT}/Target Support Files/Pods-Insta/Pods-Insta-frameworks-${CONFIGURATION}-input-files.xcfilelist",
			);
			name = "[CP] Embed Pods Frameworks";
			outputFileListPaths = (
				"${PODS_ROOT}/Target Support Files/Pods-Insta/Pods-Insta-frameworks-${CONFIGURATION}-output-files.xcfilelist",
			);
			runOnlyForDeploymentPostprocessing = 0;
			shellPath = /bin/sh;
			shellScript = "\"${PODS_ROOT}/Target Support Files/Pods-Insta/Pods-Insta-frameworks.sh\"\n";
			showEnvVarsInLog = 0;
		};
/* End PBXShellScriptBuildPhase section */

/* Begin PBXSourcesBuildPhase section */
		56712B6F25FEF68E00C56176 /* Sources */ = {
			isa = PBXSourcesBuildPhase;
			buildActionMask = 2147483647;
			files = (
				56712BD025FF112A00C56176 /* PostTableViewCell.swift in Sources */,
				56712BB625FEF83F00C56176 /* LoginViewController.swift in Sources */,
				56712B7B25FEF68E00C56176 /* ViewController.swift in Sources */,
				56712BBB25FEF84A00C56176 /* FeedViewController.swift in Sources */,
				56712B7725FEF68E00C56176 /* AppDelegate.swift in Sources */,
				56712B7925FEF68E00C56176 /* SceneDelegate.swift in Sources */,
				56712BC025FF02EF00C56176 /* CameraViewController.swift in Sources */,
			);
			runOnlyForDeploymentPostprocessing = 0;
		};
		56712B8525FEF69000C56176 /* Sources */ = {
			isa = PBXSourcesBuildPhase;
			buildActionMask = 2147483647;
			files = (
				56712B8E25FEF69000C56176 /* InstaTests.swift in Sources */,
			);
			runOnlyForDeploymentPostprocessing = 0;
		};
		56712B9025FEF69000C56176 /* Sources */ = {
			isa = PBXSourcesBuildPhase;
			buildActionMask = 2147483647;
			files = (
				56712B9925FEF69000C56176 /* InstaUITests.swift in Sources */,
			);
			runOnlyForDeploymentPostprocessing = 0;
		};
/* End PBXSourcesBuildPhase section */

/* Begin PBXTargetDependency section */
		56712B8B25FEF69000C56176 /* PBXTargetDependency */ = {
			isa = PBXTargetDependency;
			target = 56712B7225FEF68E00C56176 /* Insta */;
			targetProxy = 56712B8A25FEF69000C56176 /* PBXContainerItemProxy */;
		};
		56712B9625FEF69000C56176 /* PBXTargetDependency */ = {
			isa = PBXTargetDependency;
			target = 56712B7225FEF68E00C56176 /* Insta */;
			targetProxy = 56712B9525FEF69000C56176 /* PBXContainerItemProxy */;
		};
/* End PBXTargetDependency section */

/* Begin PBXVariantGroup section */
		56712B7C25FEF68E00C56176 /* Main.storyboard */ = {
			isa = PBXVariantGroup;
			children = (
				56712B7D25FEF68E00C56176 /* Base */,
			);
			name = Main.storyboard;
			sourceTree = "<group>";
		};
		56712B8125FEF69000C56176 /* LaunchScreen.storyboard */ = {
			isa = PBXVariantGroup;
			children = (
				56712B8225FEF69000C56176 /* Base */,
			);
			name = LaunchScreen.storyboard;
			sourceTree = "<group>";
		};
/* End PBXVariantGroup section */

/* Begin XCBuildConfiguration section */
		56712B9B25FEF69000C56176 /* Debug */ = {
			isa = XCBuildConfiguration;
			buildSettings = {
				ALWAYS_SEARCH_USER_PATHS = NO;
				CLANG_ANALYZER_NONNULL = YES;
				CLANG_ANALYZER_NUMBER_OBJECT_CONVERSION = YES_AGGRESSIVE;
				CLANG_CXX_LANGUAGE_STANDARD = "gnu++14";
				CLANG_CXX_LIBRARY = "libc++";
				CLANG_ENABLE_MODULES = YES;
				CLANG_ENABLE_OBJC_ARC = YES;
				CLANG_ENABLE_OBJC_WEAK = YES;
				CLANG_WARN_BLOCK_CAPTURE_AUTORELEASING = YES;
				CLANG_WARN_BOOL_CONVERSION = YES;
				CLANG_WARN_COMMA = YES;
				CLANG_WARN_CONSTANT_CONVERSION = YES;
				CLANG_WARN_DEPRECATED_OBJC_IMPLEMENTATIONS = YES;
				CLANG_WARN_DIRECT_OBJC_ISA_USAGE = YES_ERROR;
				CLANG_WARN_DOCUMENTATION_COMMENTS = YES;
				CLANG_WARN_EMPTY_BODY = YES;
				CLANG_WARN_ENUM_CONVERSION = YES;
				CLANG_WARN_INFINITE_RECURSION = YES;
				CLANG_WARN_INT_CONVERSION = YES;
				CLANG_WARN_NON_LITERAL_NULL_CONVERSION = YES;
				CLANG_WARN_OBJC_IMPLICIT_RETAIN_SELF = YES;
				CLANG_WARN_OBJC_LITERAL_CONVERSION = YES;
				CLANG_WARN_OBJC_ROOT_CLASS = YES_ERROR;
				CLANG_WARN_QUOTED_INCLUDE_IN_FRAMEWORK_HEADER = YES;
				CLANG_WARN_RANGE_LOOP_ANALYSIS = YES;
				CLANG_WARN_STRICT_PROTOTYPES = YES;
				CLANG_WARN_SUSPICIOUS_MOVE = YES;
				CLANG_WARN_UNGUARDED_AVAILABILITY = YES_AGGRESSIVE;
				CLANG_WARN_UNREACHABLE_CODE = YES;
				CLANG_WARN__DUPLICATE_METHOD_MATCH = YES;
				COPY_PHASE_STRIP = NO;
				DEBUG_INFORMATION_FORMAT = dwarf;
				ENABLE_STRICT_OBJC_MSGSEND = YES;
				ENABLE_TESTABILITY = YES;
				GCC_C_LANGUAGE_STANDARD = gnu11;
				GCC_DYNAMIC_NO_PIC = NO;
				GCC_NO_COMMON_BLOCKS = YES;
				GCC_OPTIMIZATION_LEVEL = 0;
				GCC_PREPROCESSOR_DEFINITIONS = (
					"DEBUG=1",
					"$(inherited)",
				);
				GCC_WARN_64_TO_32_BIT_CONVERSION = YES;
				GCC_WARN_ABOUT_RETURN_TYPE = YES_ERROR;
				GCC_WARN_UNDECLARED_SELECTOR = YES;
				GCC_WARN_UNINITIALIZED_AUTOS = YES_AGGRESSIVE;
				GCC_WARN_UNUSED_FUNCTION = YES;
				GCC_WARN_UNUSED_VARIABLE = YES;
				IPHONEOS_DEPLOYMENT_TARGET = 14.4;
				MTL_ENABLE_DEBUG_INFO = INCLUDE_SOURCE;
				MTL_FAST_MATH = YES;
				ONLY_ACTIVE_ARCH = YES;
				SDKROOT = iphoneos;
				SWIFT_ACTIVE_COMPILATION_CONDITIONS = DEBUG;
				SWIFT_OPTIMIZATION_LEVEL = "-Onone";
			};
			name = Debug;
		};
		56712B9C25FEF69000C56176 /* Release */ = {
			isa = XCBuildConfiguration;
			buildSettings = {
				ALWAYS_SEARCH_USER_PATHS = NO;
				CLANG_ANALYZER_NONNULL = YES;
				CLANG_ANALYZER_NUMBER_OBJECT_CONVERSION = YES_AGGRESSIVE;
				CLANG_CXX_LANGUAGE_STANDARD = "gnu++14";
				CLANG_CXX_LIBRARY = "libc++";
				CLANG_ENABLE_MODULES = YES;
				CLANG_ENABLE_OBJC_ARC = YES;
				CLANG_ENABLE_OBJC_WEAK = YES;
				CLANG_WARN_BLOCK_CAPTURE_AUTORELEASING = YES;
				CLANG_WARN_BOOL_CONVERSION = YES;
				CLANG_WARN_COMMA = YES;
				CLANG_WARN_CONSTANT_CONVERSION = YES;
				CLANG_WARN_DEPRECATED_OBJC_IMPLEMENTATIONS = YES;
				CLANG_WARN_DIRECT_OBJC_ISA_USAGE = YES_ERROR;
				CLANG_WARN_DOCUMENTATION_COMMENTS = YES;
				CLANG_WARN_EMPTY_BODY = YES;
				CLANG_WARN_ENUM_CONVERSION = YES;
				CLANG_WARN_INFINITE_RECURSION = YES;
				CLANG_WARN_INT_CONVERSION = YES;
				CLANG_WARN_NON_LITERAL_NULL_CONVERSION = YES;
				CLANG_WARN_OBJC_IMPLICIT_RETAIN_SELF = YES;
				CLANG_WARN_OBJC_LITERAL_CONVERSION = YES;
				CLANG_WARN_OBJC_ROOT_CLASS = YES_ERROR;
				CLANG_WARN_QUOTED_INCLUDE_IN_FRAMEWORK_HEADER = YES;
				CLANG_WARN_RANGE_LOOP_ANALYSIS = YES;
				CLANG_WARN_STRICT_PROTOTYPES = YES;
				CLANG_WARN_SUSPICIOUS_MOVE = YES;
				CLANG_WARN_UNGUARDED_AVAILABILITY = YES_AGGRESSIVE;
				CLANG_WARN_UNREACHABLE_CODE = YES;
				CLANG_WARN__DUPLICATE_METHOD_MATCH = YES;
				COPY_PHASE_STRIP = NO;
				DEBUG_INFORMATION_FORMAT = "dwarf-with-dsym";
				ENABLE_NS_ASSERTIONS = NO;
				ENABLE_STRICT_OBJC_MSGSEND = YES;
				GCC_C_LANGUAGE_STANDARD = gnu11;
				GCC_NO_COMMON_BLOCKS = YES;
				GCC_WARN_64_TO_32_BIT_CONVERSION = YES;
				GCC_WARN_ABOUT_RETURN_TYPE = YES_ERROR;
				GCC_WARN_UNDECLARED_SELECTOR = YES;
				GCC_WARN_UNINITIALIZED_AUTOS = YES_AGGRESSIVE;
				GCC_WARN_UNUSED_FUNCTION = YES;
				GCC_WARN_UNUSED_VARIABLE = YES;
				IPHONEOS_DEPLOYMENT_TARGET = 14.4;
				MTL_ENABLE_DEBUG_INFO = NO;
				MTL_FAST_MATH = YES;
				SDKROOT = iphoneos;
				SWIFT_COMPILATION_MODE = wholemodule;
				SWIFT_OPTIMIZATION_LEVEL = "-O";
				VALIDATE_PRODUCT = YES;
			};
			name = Release;
		};
		56712B9E25FEF69000C56176 /* Debug */ = {
			isa = XCBuildConfiguration;
			baseConfigurationReference = A6F5784DD4765A3A408AA12F /* Pods-Insta.debug.xcconfig */;
			buildSettings = {
				ASSETCATALOG_COMPILER_APPICON_NAME = AppIcon;
				ASSETCATALOG_COMPILER_GLOBAL_ACCENT_COLOR_NAME = AccentColor;
				CODE_SIGN_STYLE = Automatic;
				INFOPLIST_FILE = Insta/Info.plist;
				LD_RUNPATH_SEARCH_PATHS = (
					"$(inherited)",
					"@executable_path/Frameworks",
				);
				PRODUCT_BUNDLE_IDENTIFIER = "jurneetipton-gmail.com.Insta";
				PRODUCT_NAME = "$(TARGET_NAME)";
				SWIFT_VERSION = 5.0;
				TARGETED_DEVICE_FAMILY = "1,2";
			};
			name = Debug;
		};
		56712B9F25FEF69000C56176 /* Release */ = {
			isa = XCBuildConfiguration;
			baseConfigurationReference = 0BEC895B12A63D22C631B586 /* Pods-Insta.release.xcconfig */;
			buildSettings = {
				ASSETCATALOG_COMPILER_APPICON_NAME = AppIcon;
				ASSETCATALOG_COMPILER_GLOBAL_ACCENT_COLOR_NAME = AccentColor;
				CODE_SIGN_STYLE = Automatic;
				INFOPLIST_FILE = Insta/Info.plist;
				LD_RUNPATH_SEARCH_PATHS = (
					"$(inherited)",
					"@executable_path/Frameworks",
				);
				PRODUCT_BUNDLE_IDENTIFIER = "jurneetipton-gmail.com.Insta";
				PRODUCT_NAME = "$(TARGET_NAME)";
				SWIFT_VERSION = 5.0;
				TARGETED_DEVICE_FAMILY = "1,2";
			};
			name = Release;
		};
		56712BA125FEF69000C56176 /* Debug */ = {
			isa = XCBuildConfiguration;
			baseConfigurationReference = 47D9405316063C49A0B4DD21 /* Pods-InstaTests.debug.xcconfig */;
			buildSettings = {
				ALWAYS_EMBED_SWIFT_STANDARD_LIBRARIES = YES;
				BUNDLE_LOADER = "$(TEST_HOST)";
				CODE_SIGN_STYLE = Automatic;
				INFOPLIST_FILE = InstaTests/Info.plist;
				IPHONEOS_DEPLOYMENT_TARGET = 14.4;
				LD_RUNPATH_SEARCH_PATHS = (
					"$(inherited)",
					"@executable_path/Frameworks",
					"@loader_path/Frameworks",
				);
				PRODUCT_BUNDLE_IDENTIFIER = "jurneetipton-gmail.com.InstaTests";
				PRODUCT_NAME = "$(TARGET_NAME)";
				SWIFT_VERSION = 5.0;
				TARGETED_DEVICE_FAMILY = "1,2";
				TEST_HOST = "$(BUILT_PRODUCTS_DIR)/Insta.app/Insta";
			};
			name = Debug;
		};
		56712BA225FEF69000C56176 /* Release */ = {
			isa = XCBuildConfiguration;
			baseConfigurationReference = 2EDDBCE1A151322BE3CC3B3D /* Pods-InstaTests.release.xcconfig */;
			buildSettings = {
				ALWAYS_EMBED_SWIFT_STANDARD_LIBRARIES = YES;
				BUNDLE_LOADER = "$(TEST_HOST)";
				CODE_SIGN_STYLE = Automatic;
				INFOPLIST_FILE = InstaTests/Info.plist;
				IPHONEOS_DEPLOYMENT_TARGET = 14.4;
				LD_RUNPATH_SEARCH_PATHS = (
					"$(inherited)",
					"@executable_path/Frameworks",
					"@loader_path/Frameworks",
				);
				PRODUCT_BUNDLE_IDENTIFIER = "jurneetipton-gmail.com.InstaTests";
				PRODUCT_NAME = "$(TARGET_NAME)";
				SWIFT_VERSION = 5.0;
				TARGETED_DEVICE_FAMILY = "1,2";
				TEST_HOST = "$(BUILT_PRODUCTS_DIR)/Insta.app/Insta";
			};
			name = Release;
		};
		56712BA425FEF69000C56176 /* Debug */ = {
			isa = XCBuildConfiguration;
			baseConfigurationReference = AE47C173579035D13919DA13 /* Pods-Insta-InstaUITests.debug.xcconfig */;
			buildSettings = {
				ALWAYS_EMBED_SWIFT_STANDARD_LIBRARIES = YES;
				CODE_SIGN_STYLE = Automatic;
				INFOPLIST_FILE = InstaUITests/Info.plist;
				LD_RUNPATH_SEARCH_PATHS = (
					"$(inherited)",
					"@executable_path/Frameworks",
					"@loader_path/Frameworks",
				);
				PRODUCT_BUNDLE_IDENTIFIER = "jurneetipton-gmail.com.InstaUITests";
				PRODUCT_NAME = "$(TARGET_NAME)";
				SWIFT_VERSION = 5.0;
				TARGETED_DEVICE_FAMILY = "1,2";
				TEST_TARGET_NAME = Insta;
			};
			name = Debug;
		};
		56712BA525FEF69000C56176 /* Release */ = {
			isa = XCBuildConfiguration;
			baseConfigurationReference = C13B0B15D41100D50140128C /* Pods-Insta-InstaUITests.release.xcconfig */;
			buildSettings = {
				ALWAYS_EMBED_SWIFT_STANDARD_LIBRARIES = YES;
				CODE_SIGN_STYLE = Automatic;
				INFOPLIST_FILE = InstaUITests/Info.plist;
				LD_RUNPATH_SEARCH_PATHS = (
					"$(inherited)",
					"@executable_path/Frameworks",
					"@loader_path/Frameworks",
				);
				PRODUCT_BUNDLE_IDENTIFIER = "jurneetipton-gmail.com.InstaUITests";
				PRODUCT_NAME = "$(TARGET_NAME)";
				SWIFT_VERSION = 5.0;
				TARGETED_DEVICE_FAMILY = "1,2";
				TEST_TARGET_NAME = Insta;
			};
			name = Release;
		};
/* End XCBuildConfiguration section */

/* Begin XCConfigurationList section */
		56712B6E25FEF68E00C56176 /* Build configuration list for PBXProject "Insta" */ = {
			isa = XCConfigurationList;
			buildConfigurations = (
				56712B9B25FEF69000C56176 /* Debug */,
				56712B9C25FEF69000C56176 /* Release */,
			);
			defaultConfigurationIsVisible = 0;
			defaultConfigurationName = Release;
		};
		56712B9D25FEF69000C56176 /* Build configuration list for PBXNativeTarget "Insta" */ = {
			isa = XCConfigurationList;
			buildConfigurations = (
				56712B9E25FEF69000C56176 /* Debug */,
				56712B9F25FEF69000C56176 /* Release */,
			);
			defaultConfigurationIsVisible = 0;
			defaultConfigurationName = Release;
		};
		56712BA025FEF69000C56176 /* Build configuration list for PBXNativeTarget "InstaTests" */ = {
			isa = XCConfigurationList;
			buildConfigurations = (
				56712BA125FEF69000C56176 /* Debug */,
				56712BA225FEF69000C56176 /* Release */,
			);
			defaultConfigurationIsVisible = 0;
			defaultConfigurationName = Release;
		};
		56712BA325FEF69000C56176 /* Build configuration list for PBXNativeTarget "InstaUITests" */ = {
			isa = XCConfigurationList;
			buildConfigurations = (
				56712BA425FEF69000C56176 /* Debug */,
				56712BA525FEF69000C56176 /* Release */,
			);
			defaultConfigurationIsVisible = 0;
			defaultConfigurationName = Release;
		};
/* End XCConfigurationList section */
	};
	rootObject = 56712B6B25FEF68E00C56176 /* Project object */;
}
